# This file is @generated by PDM.
# It is not intended for manual editing.

[metadata]
groups = ["default"]
strategy = []
lock_version = "4.5.0"
content_hash = "sha256:6936aebc5f96b009fb0253304b2bede48a8d5120f64108d940548150d48bb81a"

[[metadata.targets]]
requires_python = ">=3.9"

[[package]]
name = "alembic"
version = "0.9.3"
summary = ""
dependencies = [
    "mako",
    "python-dateutil",
    "python-editor",
    "sqlalchemy",
]
files = [
    {file = "alembic-0.9.3.tar.gz", hash = "sha256:57f2ede554c0b18f1cf811cfbb3b02c586a5422df94922e3821883ba0b8c616c"},
]

[[package]]
name = "babel"
version = "2.17.0"
summary = ""
files = [
    {file = "babel-2.17.0-py3-none-any.whl", hash = "sha256:4d0b53093fdfb4b21c92b5213dba5a1b23885afa8383709427046b21c366e5f2"},
    {file = "babel-2.17.0.tar.gz", hash = "sha256:0c54cffb19f690cdcc52a3b50bcbf71e07a808d1c80d549f2459b9d2cf0afb9d"},
]

[[package]]
name = "bleach"
version = "2.0.0"
summary = ""
dependencies = [
    "html5lib",
    "six",
]
files = [
    {file = "bleach-2.0.0-py2.py3-none-any.whl", hash = "sha256:a6d9d5f5b7368c1689ad7f128af8e792beea23393688872b576c0271e6564a16"},
    {file = "bleach-2.0.0.tar.gz", hash = "sha256:b9522130003e4caedf4f00a39c120a906dcd4242329c1c8f621f5370203cbc30"},
]

[[package]]
name = "blinker"
version = "1.4"
summary = ""
files = [
    {file = "blinker-1.4.tar.gz", hash = "sha256:471aee25f3992bd325afa3772f1063dbdbbca947a041b8b89466dc00d606f8b6"},
]

[[package]]
name = "click"
version = "6.7"
summary = ""
files = [
    {file = "click-6.7-py2.py3-none-any.whl", hash = "sha256:29f99fc6125fbc931b758dc053b3114e55c77a6e4c6c3a2674a2dc986016381d"},
    {file = "click-6.7.tar.gz", hash = "sha256:f15516df478d5a56180fbf80e68f206010e6d160fc39fa508b65e035fd75130b"},
]

[[package]]
name = "dominate"
version = "2.3.1"
summary = ""
files = [
    {file = "dominate-2.3.1.tar.gz", hash = "sha256:4b8ce6f33633c9dd9175b228d21c00c801b6bd0327747cd5e17fc2da934c3a69"},
]

[[package]]
name = "flask"
version = "0.12.2"
summary = ""
dependencies = [
    "click",
    "itsdangerous",
    "jinja2",
    "werkzeug",
]
files = [
    {file = "Flask-0.12.2-py2.py3-none-any.whl", hash = "sha256:0749df235e3ff61ac108f69ac178c9770caeaccad2509cb762ce1f65570a8856"},
    {file = "Flask-0.12.2.tar.gz", hash = "sha256:49f44461237b69ecd901cc7ce66feea0319b9158743dd27a2899962ab214dac1"},
]

[[package]]
name = "flask-babel"
version = "2.0.0"
summary = ""
dependencies = [
    "babel",
    "flask",
    "jinja2",
    "pytz",
]
files = [
    {file = "Flask-Babel-2.0.0.tar.gz", hash = "sha256:f9faf45cdb2e1a32ea2ec14403587d4295108f35017a7821a2b1acb8cfd9257d"},
    {file = "Flask_Babel-2.0.0-py3-none-any.whl", hash = "sha256:e6820a052a8d344e178cdd36dd4bb8aea09b4bda3d5f9fa9f008df2c7f2f5468"},
]

[[package]]
name = "flask-bootstrap"
version = "3.3.7.1"
summary = ""
dependencies = [
    "dominate",
    "flask",
    "visitor",
]
files = [
    {file = "Flask-Bootstrap-3.3.7.1.tar.gz", hash = "sha256:cb08ed940183f6343a64e465e83b3a3f13c53e1baabb8d72b5da4545ef123ac8"},
]

[[package]]
name = "flask-httpauth"
version = "3.2.3"
summary = ""
dependencies = [
    "flask",
]
files = [
    {file = "Flask-HTTPAuth-3.2.3.tar.gz", hash = "sha256:5f4ba7ab79103e28b566c6a0592076312d17c716e079c66ca9ffe21a7871ee8d"},
    {file = "Flask_HTTPAuth-3.2.3-py2.py3-none-any.whl", hash = "sha256:c2ba01d832827f1d1bab39b321a134f9dded8d48f87e71c86ee16848d8e5a422"},
]

[[package]]
name = "flask-login"
version = "0.4.0"
summary = ""
dependencies = [
    "flask",
]
files = [
    {file = "Flask-Login-0.4.0.tar.gz", hash = "sha256:d25e356b14a59f52da0ab30c31c2ad285fa23a840f0f6971df7ed247c77082a7"},
    {file = "Flask_Login-0.4.0-py2.py3-none-any.whl", hash = "sha256:f9149b63ec6b32aec44acb061ad851eb4eb065e742341147d116d69f8e35ae2b"},
]

[[package]]
name = "flask-mail"
version = "0.9.1"
summary = ""
dependencies = [
    "blinker",
    "flask",
]
files = [
    {file = "Flask-Mail-0.9.1.tar.gz", hash = "sha256:22e5eb9a940bf407bcf30410ecc3708f3c56cc44b29c34e1726fe85006935f41"},
]

[[package]]
name = "flask-migrate"
version = "2.0.4"
summary = ""
dependencies = [
    "alembic",
    "flask",
    "flask-script",
    "flask-sqlalchemy",
]
files = [
    {file = "Flask-Migrate-2.0.4.tar.gz", hash = "sha256:1e6dc83bed93aef9a4791d5daaa03b186c8ef5d96c99c7d88166da683c86e42d"},
]

[[package]]
name = "flask-moment"
version = "0.5.1"
summary = ""
dependencies = [
    "flask",
]
files = [
    {file = "Flask-Moment-0.5.1.tar.gz", hash = "sha256:4e36dbf5f496522f497a8f1572a33ad9101e34ecfb063e481a5fac29716af48c"},
]

[[package]]
name = "flask-pagedown"
version = "0.2.2"
summary = ""
dependencies = [
    "flask",
    "wtforms",
]
files = [
    {file = "Flask-PageDown-0.2.2.tar.gz", hash = "sha256:c8168d23e66d4d8a0fd5fe28fd339d8c80cb87016cf210aa4f405f3c90ce0358"},
    {file = "Flask_PageDown-0.2.2-py2.py3-none-any.whl", hash = "sha256:a517087faba00a549dd639b467c549ce1ec3da9a7c68578ff5ca424ec30d2c37"},
]

[[package]]
name = "flask-script"
version = "2.0.6"
summary = ""
dependencies = [
    "flask",
]
files = [
    {file = "Flask-Script-2.0.6.tar.gz", hash = "sha256:6425963d91054cfcc185807141c7314a9c5ad46325911bd24dcb489bd0161c65"},
]

[[package]]
name = "flask-sqlalchemy"
version = "2.2"
summary = ""
dependencies = [
    "flask",
    "sqlalchemy",
]
files = [
    {file = "Flask-SQLAlchemy-2.2.tar.gz", hash = "sha256:f0d8241efba723d7b878f73550f5d3c0fbb042416123b52b36640b7491fa208b"},
    {file = "Flask_SQLAlchemy-2.2-py2.py3-none-any.whl", hash = "sha256:fa3bd6343de231b2b3376a276df6d331c63c766449b660fc04d375a1c21312ac"},
]

[[package]]
name = "flask-sslify"
version = "0.1.5"
summary = ""
dependencies = [
    "flask",
]
files = [
    {file = "Flask-SSLify-0.1.5.tar.gz", hash = "sha256:d33e1d3c09cd95154176aa8a7319418e52129fc482dd56d8a8ad7c24500d543e"},
]

[[package]]
name = "flask-wtf"
version = "0.14.2"
summary = ""
dependencies = [
    "flask",
    "wtforms",
]
files = [
    {file = "Flask-WTF-0.14.2.tar.gz", hash = "sha256:5d14d55cfd35f613d99ee7cba0fc3fbbe63ba02f544d349158c14ca15561cc36"},
    {file = "Flask_WTF-0.14.2-py2.py3-none-any.whl", hash = "sha256:d9a9e366b32dcbb98ef17228e76be15702cd2600675668bca23f63a7947fd5ac"},
]

[[package]]
name = "gunicorn"
version = "19.7.1"
summary = ""
files = [
    {file = "gunicorn-19.7.1-py2.py3-none-any.whl", hash = "sha256:75af03c99389535f218cc596c7de74df4763803f7b63eb09d77e92b3956b36c6"},
    {file = "gunicorn-19.7.1.tar.gz", hash = "sha256:eee1169f0ca667be05db3351a0960765620dad53f53434262ff8901b68a1b622"},
]

[[package]]
name = "html5lib"
version = "0.999999999"
summary = ""
dependencies = [
    "setuptools",
    "six",
    "webencodings",
]
files = [
    {file = "html5lib-0.999999999-py2.py3-none-any.whl", hash = "sha256:b8934484cf22f1db684c0fae27569a0db404d0208d20163fbf51cc537245d008"},
    {file = "html5lib-0.999999999.tar.gz", hash = "sha256:ee747c0ffd3028d2722061936b5c65ee4fe13c8e4613519b4447123fc4546298"},
]

[[package]]
name = "itsdangerous"
version = "0.24"
summary = ""
files = [
    {file = "itsdangerous-0.24.tar.gz", hash = "sha256:cbb3fcf8d3e33df861709ecaf89d9e6629cff0a217bc2848f1b41cd30d360519"},
]

[[package]]
name = "jinja2"
version = "2.9.6"
summary = ""
dependencies = [
    "markupsafe",
]
files = [
    {file = "Jinja2-2.9.6-py2.py3-none-any.whl", hash = "sha256:2231bace0dfd8d2bf1e5d7e41239c06c9e0ded46e70cc1094a0aa64b0afeb054"},
    {file = "Jinja2-2.9.6.tar.gz", hash = "sha256:ddaa01a212cd6d641401cb01b605f4a4d9f37bfc93043d7f760ec70fb99ff9ff"},
]

[[package]]
name = "mako"
version = "1.0.7"
summary = ""
dependencies = [
    "markupsafe",
]
files = [
    {file = "Mako-1.0.7.tar.gz", hash = "sha256:4e02fde57bd4abb5ec400181e4c314f56ac3e49ba4fb8b0d50bba18cb27d25ae"},
]

[[package]]
name = "markdown"
version = "2.6.8"
summary = ""
files = [
    {file = "Markdown-2.6.8.tar.gz", hash = "sha256:0ac8a81e658167da95d063a9279c9c1b2699f37c7c4153256a458b3a43860e33"},
]

[[package]]
name = "markupsafe"
version = "1.1.1"
summary = ""
files = [
    {file = "MarkupSafe-1.1.1-cp39-cp39-macosx_10_9_x86_64.whl", hash = "sha256:d73a845f227b0bfe8a7455ee623525ee656a9e2e749e4742706d80a6065d5e2c"},
    {file = "MarkupSafe-1.1.1-cp39-cp39-manylinux1_i686.whl", hash = "sha256:98bae9582248d6cf62321dcb52aaf5d9adf0bad3b40582925ef7c7f0ed85fceb"},
    {file = "MarkupSafe-1.1.1-cp39-cp39-manylinux1_x86_64.whl", hash = "sha256:2beec1e0de6924ea551859edb9e7679da6e4870d32cb766240ce17e0a0ba2014"},
    {file = "MarkupSafe-1.1.1-cp39-cp39-manylinux2010_i686.whl", hash = "sha256:7fed13866cf14bba33e7176717346713881f56d9d2bcebab207f7a036f41b850"},
    {file = "MarkupSafe-1.1.1-cp39-cp39-manylinux2010_x86_64.whl", hash = "sha256:6f1e273a344928347c1290119b493a1f0303c52f5a5eae5f16d74f48c15d4a85"},
    {file = "MarkupSafe-1.1.1-cp39-cp39-manylinux2014_aarch64.whl", hash = "sha256:feb7b34d6325451ef96bc0e36e1a6c0c1c64bc1fbec4b854f4529e51887b1621"},
    {file = "MarkupSafe-1.1.1-cp39-cp39-win32.whl", hash = "sha256:22c178a091fc6630d0d045bdb5992d2dfe14e3259760e713c490da5323866c39"},
    {file = "MarkupSafe-1.1.1-cp39-cp39-win_amd64.whl", hash = "sha256:b7d644ddb4dbd407d31ffb699f1d140bc35478da613b441c582aeb7c43838dd8"},
    {file = "MarkupSafe-1.1.1.tar.gz", hash = "sha256:29872e92839765e546828bb7754a68c418d927cd064fd4708fab9fe9c8bb116b"},
]

[[package]]
name = "psycopg2-binary"
version = "2.9.11"
summary = ""
files = [
    {file = "psycopg2-binary-2.9.11.tar.gz", hash = "sha256:b6aed9e096bf63f9e75edf2581aa9a7e7186d97ab5c177aa6c87797cd591236c"},
    {file = "psycopg2_binary-2.9.11-cp310-cp310-macosx_10_9_x86_64.whl", hash = "sha256:d6fe6b47d0b42ce1c9f1fa3e35bb365011ca22e39db37074458f27921dca40f2"},
    {file = "psycopg2_binary-2.9.11-cp310-cp310-macosx_11_0_arm64.whl", hash = "sha256:a6c0e4262e089516603a09474ee13eabf09cb65c332277e39af68f6233911087"},
    {file = "psycopg2_binary-2.9.11-cp310-cp310-manylinux2014_aarch64.manylinux_2_17_aarch64.whl", hash = "sha256:c47676e5b485393f069b4d7a811267d3168ce46f988fa602658b8bb901e9e64d"},
    {file = "psycopg2_binary-2.9.11-cp310-cp310-manylinux2014_ppc64le.manylinux_2_17_ppc64le.whl", hash = "sha256:a28d8c01a7b27a1e3265b11250ba7557e5f72b5ee9e5f3a2fa8d2949c29bf5d2"},
    {file = "psycopg2_binary-2.9.11-cp310-cp310-manylinux2014_x86_64.manylinux_2_17_x86_64.whl", hash = "sha256:5f3f2732cf504a1aa9e9609d02f79bea1067d99edf844ab92c247bbca143303b"},
    {file = "psycopg2_binary-2.9.11-cp310-cp310-manylinux_2_38_riscv64.manylinux_2_39_riscv64.whl", hash = "sha256:865f9945ed1b3950d968ec4690ce68c55019d79e4497366d36e090327ce7db14"},
    {file = "psycopg2_binary-2.9.11-cp310-cp310-musllinux_1_2_aarch64.whl", hash = "sha256:91537a8df2bde69b1c1db01d6d944c831ca793952e4f57892600e96cee95f2cd"},
    {file = "psycopg2_binary-2.9.11-cp310-cp310-musllinux_1_2_ppc64le.whl", hash = "sha256:4dca1f356a67ecb68c81a7bc7809f1569ad9e152ce7fd02c2f2036862ca9f66b"},
    {file = "psycopg2_binary-2.9.11-cp310-cp310-musllinux_1_2_riscv64.whl", hash = "sha256:0da4de5c1ac69d94ed4364b6cbe7190c1a70d325f112ba783d83f8440285f152"},
    {file = "psycopg2_binary-2.9.11-cp310-cp310-musllinux_1_2_x86_64.whl", hash = "sha256:37d8412565a7267f7d79e29ab66876e55cb5e8e7b3bbf94f8206f6795f8f7e7e"},
    {file = "psycopg2_binary-2.9.11-cp310-cp310-win_amd64.whl", hash = "sha256:c665f01ec8ab273a61c62beeb8cce3014c214429ced8a308ca1fc410ecac3a39"},
    {file = "psycopg2_binary-2.9.11-cp311-cp311-macosx_10_9_x86_64.whl", hash = "sha256:0e8480afd62362d0a6a27dd09e4ca2def6fa50ed3a4e7c09165266106b2ffa10"},
    {file = "psycopg2_binary-2.9.11-cp311-cp311-macosx_11_0_arm64.whl", hash = "sha256:763c93ef1df3da6d1a90f86ea7f3f806dc06b21c198fa87c3c25504abec9404a"},
    {file = "psycopg2_binary-2.9.11-cp311-cp311-manylinux2014_aarch64.manylinux_2_17_aarch64.whl", hash = "sha256:2e164359396576a3cc701ba8af4751ae68a07235d7a380c631184a611220d9a4"},
    {file = "psycopg2_binary-2.9.11-cp311-cp311-manylinux2014_ppc64le.manylinux_2_17_ppc64le.whl", hash = "sha256:d57c9c387660b8893093459738b6abddbb30a7eab058b77b0d0d1c7d521ddfd7"},
    {file = "psycopg2_binary-2.9.11-cp311-cp311-manylinux2014_x86_64.manylinux_2_17_x86_64.whl", hash = "sha256:2c226ef95eb2250974bf6fa7a842082b31f68385c4f3268370e3f3870e7859ee"},
    {file = "psycopg2_binary-2.9.11-cp311-cp311-manylinux_2_38_riscv64.manylinux_2_39_riscv64.whl", hash = "sha256:a311f1edc9967723d3511ea7d2708e2c3592e3405677bf53d5c7246753591fbb"},
    {file = "psycopg2_binary-2.9.11-cp311-cp311-musllinux_1_2_aarch64.whl", hash = "sha256:ebb415404821b6d1c47353ebe9c8645967a5235e6d88f914147e7fd411419e6f"},
    {file = "psycopg2_binary-2.9.11-cp311-cp311-musllinux_1_2_ppc64le.whl", hash = "sha256:f07c9c4a5093258a03b28fab9b4f151aa376989e7f35f855088234e656ee6a94"},
    {file = "psycopg2_binary-2.9.11-cp311-cp311-musllinux_1_2_riscv64.whl", hash = "sha256:00ce1830d971f43b667abe4a56e42c1e2d594b32da4802e44a73bacacb25535f"},
    {file = "psycopg2_binary-2.9.11-cp311-cp311-musllinux_1_2_x86_64.whl", hash = "sha256:cffe9d7697ae7456649617e8bb8d7a45afb71cd13f7ab22af3e5c61f04840908"},
    {file = "psycopg2_binary-2.9.11-cp311-cp311-win_amd64.whl", hash = "sha256:304fd7b7f97eef30e91b8f7e720b3db75fee010b520e434ea35ed1ff22501d03"},
    {file = "psycopg2_binary-2.9.11-cp312-cp312-macosx_10_13_x86_64.whl", hash = "sha256:be9b840ac0525a283a96b556616f5b4820e0526addb8dcf6525a0fa162730be4"},
    {file = "psycopg2_binary-2.9.11-cp312-cp312-macosx_11_0_arm64.whl", hash = "sha256:f090b7ddd13ca842ebfe301cd587a76a4cf0913b1e429eb92c1be5dbeb1a19bc"},
    {file = "psycopg2_binary-2.9.11-cp312-cp312-manylinux2014_aarch64.manylinux_2_17_aarch64.whl", hash = "sha256:ab8905b5dcb05bf3fb22e0cf90e10f469563486ffb6a96569e51f897c750a76a"},
    {file = "psycopg2_binary-2.9.11-cp312-cp312-manylinux2014_ppc64le.manylinux_2_17_ppc64le.whl", hash = "sha256:bf940cd7e7fec19181fdbc29d76911741153d51cab52e5c21165f3262125685e"},
    {file = "psycopg2_binary-2.9.11-cp312-cp312-manylinux2014_x86_64.manylinux_2_17_x86_64.whl", hash = "sha256:fa0f693d3c68ae925966f0b14b8edda71696608039f4ed61b1fe9ffa468d16db"},
    {file = "psycopg2_binary-2.9.11-cp312-cp312-manylinux_2_38_riscv64.manylinux_2_39_riscv64.whl", hash = "sha256:a1cf393f1cdaf6a9b57c0a719a1068ba1069f022a59b8b1fe44b006745b59757"},
    {file = "psycopg2_binary-2.9.11-cp312-cp312-musllinux_1_2_aarch64.whl", hash = "sha256:ef7a6beb4beaa62f88592ccc65df20328029d721db309cb3250b0aae0fa146c3"},
    {file = "psycopg2_binary-2.9.11-cp312-cp312-musllinux_1_2_ppc64le.whl", hash = "sha256:31b32c457a6025e74d233957cc9736742ac5a6cb196c6b68499f6bb51390bd6a"},
    {file = "psycopg2_binary-2.9.11-cp312-cp312-musllinux_1_2_riscv64.whl", hash = "sha256:edcb3aeb11cb4bf13a2af3c53a15b3d612edeb6409047ea0b5d6a21a9d744b34"},
    {file = "psycopg2_binary-2.9.11-cp312-cp312-musllinux_1_2_x86_64.whl", hash = "sha256:62b6d93d7c0b61a1dd6197d208ab613eb7dcfdcca0a49c42ceb082257991de9d"},
    {file = "psycopg2_binary-2.9.11-cp312-cp312-win_amd64.whl", hash = "sha256:b33fabeb1fde21180479b2d4667e994de7bbf0eec22832ba5d9b5e4cf65b6c6d"},
    {file = "psycopg2_binary-2.9.11-cp313-cp313-macosx_10_13_x86_64.whl", hash = "sha256:b8fb3db325435d34235b044b199e56cdf9ff41223a4b9752e8576465170bb38c"},
    {file = "psycopg2_binary-2.9.11-cp313-cp313-macosx_11_0_arm64.whl", hash = "sha256:366df99e710a2acd90efed3764bb1e28df6c675d33a7fb40df9b7281694432ee"},
    {file = "psycopg2_binary-2.9.11-cp313-cp313-manylinux2014_aarch64.manylinux_2_17_aarch64.whl", hash = "sha256:8c55b385daa2f92cb64b12ec4536c66954ac53654c7f15a203578da4e78105c0"},
    {file = "psycopg2_binary-2.9.11-cp313-cp313-manylinux2014_ppc64le.manylinux_2_17_ppc64le.whl", hash = "sha256:c0377174bf1dd416993d16edc15357f6eb17ac998244cca19bc67cdc0e2e5766"},
    {file = "psycopg2_binary-2.9.11-cp313-cp313-manylinux2014_x86_64.manylinux_2_17_x86_64.whl", hash = "sha256:5c6ff3335ce08c75afaed19e08699e8aacf95d4a260b495a4a8545244fe2ceb3"},
    {file = "psycopg2_binary-2.9.11-cp313-cp313-manylinux_2_38_riscv64.manylinux_2_39_riscv64.whl", hash = "sha256:84011ba3109e06ac412f95399b704d3d6950e386b7994475b231cf61eec2fc1f"},
    {file = "psycopg2_binary-2.9.11-cp313-cp313-musllinux_1_2_aarch64.whl", hash = "sha256:ba34475ceb08cccbdd98f6b46916917ae6eeb92b5ae111df10b544c3a4621dc4"},
    {file = "psycopg2_binary-2.9.11-cp313-cp313-musllinux_1_2_ppc64le.whl", hash = "sha256:b31e90fdd0f968c2de3b26ab014314fe814225b6c324f770952f7d38abf17e3c"},
    {file = "psycopg2_binary-2.9.11-cp313-cp313-musllinux_1_2_riscv64.whl", hash = "sha256:d526864e0f67f74937a8fce859bd56c979f5e2ec57ca7c627f5f1071ef7fee60"},
    {file = "psycopg2_binary-2.9.11-cp313-cp313-musllinux_1_2_x86_64.whl", hash = "sha256:04195548662fa544626c8ea0f06561eb6203f1984ba5b4562764fbeb4c3d14b1"},
    {file = "psycopg2_binary-2.9.11-cp313-cp313-win_amd64.whl", hash = "sha256:efff12b432179443f54e230fdf60de1f6cc726b6c832db8701227d089310e8aa"},
    {file = "psycopg2_binary-2.9.11-cp314-cp314-macosx_10_13_x86_64.whl", hash = "sha256:92e3b669236327083a2e33ccfa0d320dd01b9803b3e14dd986a4fc54aa00f4e1"},
    {file = "psycopg2_binary-2.9.11-cp314-cp314-macosx_11_0_arm64.whl", hash = "sha256:e0deeb03da539fa3577fcb0b3f2554a97f7e5477c246098dbb18091a4a01c16f"},
    {file = "psycopg2_binary-2.9.11-cp314-cp314-manylinux2014_aarch64.manylinux_2_17_aarch64.whl", hash = "sha256:9b52a3f9bb540a3e4ec0f6ba6d31339727b2950c9772850d6545b7eae0b9d7c5"},
    {file = "psycopg2_binary-2.9.11-cp314-cp314-manylinux2014_ppc64le.manylinux_2_17_ppc64le.whl", hash = "sha256:db4fd476874ccfdbb630a54426964959e58da4c61c9feba73e6094d51303d7d8"},
    {file = "psycopg2_binary-2.9.11-cp314-cp314-manylinux2014_x86_64.manylinux_2_17_x86_64.whl", hash = "sha256:47f212c1d3be608a12937cc131bd85502954398aaa1320cb4c14421a0ffccf4c"},
    {file = "psycopg2_binary-2.9.11-cp314-cp314-manylinux_2_38_riscv64.manylinux_2_39_riscv64.whl", hash = "sha256:e35b7abae2b0adab776add56111df1735ccc71406e56203515e228a8dc07089f"},
    {file = "psycopg2_binary-2.9.11-cp314-cp314-musllinux_1_2_aarch64.whl", hash = "sha256:fcf21be3ce5f5659daefd2b3b3b6e4727b028221ddc94e6c1523425579664747"},
    {file = "psycopg2_binary-2.9.11-cp314-cp314-musllinux_1_2_ppc64le.whl", hash = "sha256:9bd81e64e8de111237737b29d68039b9c813bdf520156af36d26819c9a979e5f"},
    {file = "psycopg2_binary-2.9.11-cp314-cp314-musllinux_1_2_riscv64.whl", hash = "sha256:32770a4d666fbdafab017086655bcddab791d7cb260a16679cc5a7338b64343b"},
    {file = "psycopg2_binary-2.9.11-cp314-cp314-musllinux_1_2_x86_64.whl", hash = "sha256:c3cb3a676873d7506825221045bd70e0427c905b9c8ee8d6acd70cfcbd6e576d"},
    {file = "psycopg2_binary-2.9.11-cp314-cp314-win_amd64.whl", hash = "sha256:4012c9c954dfaccd28f94e84ab9f94e12df76b4afb22331b1f0d3154893a6316"},
    {file = "psycopg2_binary-2.9.11-cp39-cp39-macosx_10_9_x86_64.whl", hash = "sha256:20e7fb94e20b03dcc783f76c0865f9da39559dcc0c28dd1a3fce0d01902a6b9c"},
    {file = "psycopg2_binary-2.9.11-cp39-cp39-macosx_11_0_arm64.whl", hash = "sha256:4bdab48575b6f870f465b397c38f1b415520e9879fdf10a53ee4f49dcbdf8a21"},
    {file = "psycopg2_binary-2.9.11-cp39-cp39-manylinux2014_aarch64.manylinux_2_17_aarch64.whl", hash = "sha256:9d3a9edcfbe77a3ed4bc72836d466dfce4174beb79eda79ea155cc77237ed9e8"},
    {file = "psycopg2_binary-2.9.11-cp39-cp39-manylinux2014_ppc64le.manylinux_2_17_ppc64le.whl", hash = "sha256:44fc5c2b8fa871ce7f0023f619f1349a0aa03a0857f2c96fbc01c657dcbbdb49"},
    {file = "psycopg2_binary-2.9.11-cp39-cp39-manylinux2014_x86_64.manylinux_2_17_x86_64.whl", hash = "sha256:9c55460033867b4622cda1b6872edf445809535144152e5d14941ef591980edf"},
    {file = "psycopg2_binary-2.9.11-cp39-cp39-manylinux_2_38_riscv64.manylinux_2_39_riscv64.whl", hash = "sha256:2d11098a83cca92deaeaed3d58cfd150d49b3b06ee0d0852be466bf87596899e"},
    {file = "psycopg2_binary-2.9.11-cp39-cp39-musllinux_1_2_aarch64.whl", hash = "sha256:691c807d94aecfbc76a14e1408847d59ff5b5906a04a23e12a89007672b9e819"},
    {file = "psycopg2_binary-2.9.11-cp39-cp39-musllinux_1_2_ppc64le.whl", hash = "sha256:8b81627b691f29c4c30a8f322546ad039c40c328373b11dff7490a3e1b517855"},
    {file = "psycopg2_binary-2.9.11-cp39-cp39-musllinux_1_2_riscv64.whl", hash = "sha256:b637d6d941209e8d96a072d7977238eea128046effbf37d1d8b2c0764750017d"},
    {file = "psycopg2_binary-2.9.11-cp39-cp39-musllinux_1_2_x86_64.whl", hash = "sha256:41360b01c140c2a03d346cec3280cf8a71aa07d94f3b1509fa0161c366af66b4"},
    {file = "psycopg2_binary-2.9.11-cp39-cp39-win_amd64.whl", hash = "sha256:875039274f8a2361e5207857899706da840768e2a775bf8c65e82f60b197df02"},
]

[[package]]
name = "python-dateutil"
version = "2.6.1"
summary = ""
dependencies = [
    "six",
]
files = [
    {file = "python-dateutil-2.6.1.tar.gz", hash = "sha256:891c38b2a02f5bb1be3e4793866c8df49c7d19baabf9c1bad62547e0b4866aca"},
    {file = "python_dateutil-2.6.1-py2.py3-none-any.whl", hash = "sha256:95511bae634d69bc7329ba55e646499a842bc4ec342ad54a8cdb65645a0aad3c"},
]

[[package]]
name = "python-dotenv"
version = "0.6.5"
summary = ""
dependencies = [
    "click",
]
files = [
    {file = "python-dotenv-0.6.5.tar.gz", hash = "sha256:29ea91ec8eb1f11d3d8f1b90efec1fb3ce6218ab322d8f58cb854290ad760531"},
    {file = "python_dotenv-0.6.5-py2.py3-none-any.whl", hash = "sha256:6e0ca7970131af5f892cab7ac0bc8f0580e380d27c070c297c7fc65921afb2ce"},
]

[[package]]
name = "python-editor"
version = "1.0.3"
summary = ""
files = [
    {file = "python-editor-1.0.3.tar.gz", hash = "sha256:a3c066acee22a1c94f63938341d4fb374e3fdd69366ed6603d7b24bed1efc565"},
]

[[package]]
name = "pytz"
version = "2025.2"
summary = ""
files = [
    {file = "pytz-2025.2-py2.py3-none-any.whl", hash = "sha256:5ddf76296dd8c44c26eb8f4b6f35488f3ccbf6fbbd7adee0b7262d43f0ec2f00"},
    {file = "pytz-2025.2.tar.gz", hash = "sha256:360b9e3dbb49a209c21ad61809c7fb453643e048b38924c765813546746e81c3"},
]

[[package]]
name = "setuptools"
version = "80.9.0"
summary = ""
files = [
    {file = "setuptools-80.9.0-py3-none-any.whl", hash = "sha256:062d34222ad13e0cc312a4c02d73f059e86a4acbfbdea8f8f76b28c99f306922"},
    {file = "setuptools-80.9.0.tar.gz", hash = "sha256:f36b47402ecde768dbfafc46e8e4207b4360c654f1f3bb84475f0a28628fb19c"},
]

[[package]]
name = "six"
version = "1.10.0"
summary = ""
files = [
    {file = "six-1.10.0-py2.py3-none-any.whl", hash = "sha256:0ff78c403d9bccf5a425a6d31a12aa6b47f1c21ca4dc2573a7e2f32a97335eb1"},
    {file = "six-1.10.0.tar.gz", hash = "sha256:105f8d68616f8248e24bf0e9372ef04d3cc10104f1980f54d57b2ce73a5ad56a"},
]

[[package]]
name = "sqlalchemy"
version = "1.1.11"
summary = ""
files = [
    {file = "SQLAlchemy-1.1.11.tar.gz", hash = "sha256:76f76965e9a968ba3aecd2a8bc0d991cea04fd9a182e6c95c81f1551487b0211"},
]

[[package]]
name = "visitor"
version = "0.1.3"
summary = ""
files = [
    {file = "visitor-0.1.3.tar.gz", hash = "sha256:2c737903b2b6864ebc6167eef7cf3b997126f1aa94bdf590f90f1436d23e480a"},
]

[[package]]
name = "webencodings"
version = "0.5.1"
summary = ""
files = [
    {file = "webencodings-0.5.1-py2.py3-none-any.whl", hash = "sha256:a0af1213f3c2226497a97e2b3aa01a7e4bee4f403f95be16fc9acd2947514a78"},
    {file = "webencodings-0.5.1.tar.gz", hash = "sha256:b36a1c245f2d304965eb4e0a82848379241dc04b865afcc4aab16748587e1923"},
]

[[package]]
name = "werkzeug"
version = "0.12.2"
summary = ""
files = [
    {file = "Werkzeug-0.12.2-py2.py3-none-any.whl", hash = "sha256:e8549c143af3ce6559699a01e26fa4174f4c591dbee0a499f3cd4c3781cdec3d"},
    {file = "Werkzeug-0.12.2.tar.gz", hash = "sha256:903a7b87b74635244548b30d30db4c8947fe64c5198f58899ddcd3a13c23bb26"},
]

[[package]]
name = "wtforms"
version = "2.1"
summary = ""
files = [
    {file = "WTForms-2.1.zip", hash = "sha256:ffdf10bd1fa565b8233380cb77a304cd36fd55c73023e91d4b803c96bc11d46f"},
]
